Microsoft Visual Studio Solution File, Format Version 12.00
# Visual Studio Version 17
VisualStudioVersion = 17.5.2.0
MinimumVisualStudioVersion = 10.0.40219.1
Project("{FAE04EC0-301F-11D3-BF4B-00C04F79EFBC}") = "AppHost", "AppHost\AppHost.csproj", "{82969919-02A7-82FB-319B-BC53DA90DEF4}"
EndProject
Project("{FAE04EC0-301F-11D3-BF4B-00C04F79EFBC}") = "SeedFilms", "SeedFilms\SeedFilms.csproj", "{E25F7203-B117-B8C5-91ED-148F10D92C2F}"
EndProject
Project("{2150E333-8FDC-42A3-9474-1A3956D46DE8}") = "src", "src", "{827E0CD3-B72D-47B6-A68D-7590B98EB39B}"
EndProject
Project("{2150E333-8FDC-42A3-9474-1A3956D46DE8}") = "tests", "tests", "{0AB3BF05-4346-4AA6-1389-037BE0695223}"
EndProject
Project("{FAE04EC0-301F-11D3-BF4B-00C04F79EFBC}") = "FilmApi", "src\FilmApi\FilmApi.csproj", "{AB042353-DC63-F50F-0F8A-B4B9987EFEDE}"
EndProject
Project("{FAE04EC0-301F-11D3-BF4B-00C04F79EFBC}") = "FilmApi.Tests", "tests\FilmApi.Tests\FilmApi.Tests.csproj", "{7FCD15EB-9B31-A10A-37A9-93DE2148D04A}"
EndProject
Global
	GlobalSection(SolutionConfigurationPlatforms) = preSolution
		Debug|Any CPU = Debug|Any CPU
		Release|Any CPU = Release|Any CPU
	EndGlobalSection
	GlobalSection(ProjectConfigurationPlatforms) = postSolution
		{82969919-02A7-82FB-319B-BC53DA90DEF4}.Debug|Any CPU.ActiveCfg = Debug|Any CPU
		{82969919-02A7-82FB-319B-BC53DA90DEF4}.Debug|Any CPU.Build.0 = Debug|Any CPU
		{82969919-02A7-82FB-319B-BC53DA90DEF4}.Release|Any CPU.ActiveCfg = Release|Any CPU
		{82969919-02A7-82FB-319B-BC53DA90DEF4}.Release|Any CPU.Build.0 = Release|Any CPU
		{E25F7203-B117-B8C5-91ED-148F10D92C2F}.Debug|Any CPU.ActiveCfg = Debug|Any CPU
		{E25F7203-B117-B8C5-91ED-148F10D92C2F}.Debug|Any CPU.Build.0 = Debug|Any CPU
		{E25F7203-B117-B8C5-91ED-148F10D92C2F}.Release|Any CPU.ActiveCfg = Release|Any CPU
		{E25F7203-B117-B8C5-91ED-148F10D92C2F}.Release|Any CPU.Build.0 = Release|Any CPU
		{AB042353-DC63-F50F-0F8A-B4B9987EFEDE}.Debug|Any CPU.ActiveCfg = Debug|Any CPU
		{AB042353-DC63-F50F-0F8A-B4B9987EFEDE}.Debug|Any CPU.Build.0 = Debug|Any CPU
		{AB042353-DC63-F50F-0F8A-B4B9987EFEDE}.Release|Any CPU.ActiveCfg = Release|Any CPU
		{AB042353-DC63-F50F-0F8A-B4B9987EFEDE}.Release|Any CPU.Build.0 = Release|Any CPU
		{7FCD15EB-9B31-A10A-37A9-93DE2148D04A}.Debug|Any CPU.ActiveCfg = Debug|Any CPU
		{7FCD15EB-9B31-A10A-37A9-93DE2148D04A}.Debug|Any CPU.Build.0 = Debug|Any CPU
		{7FCD15EB-9B31-A10A-37A9-93DE2148D04A}.Release|Any CPU.ActiveCfg = Release|Any CPU
		{7FCD15EB-9B31-A10A-37A9-93DE2148D04A}.Release|Any CPU.Build.0 = Release|Any CPU
	EndGlobalSection
	GlobalSection(SolutionProperties) = preSolution
		HideSolutionNode = FALSE
	EndGlobalSection
	GlobalSection(NestedProjects) = preSolution
		{AB042353-DC63-F50F-0F8A-B4B9987EFEDE} = {827E0CD3-B72D-47B6-A68D-7590B98EB39B}
		{7FCD15EB-9B31-A10A-37A9-93DE2148D04A} = {0AB3BF05-4346-4AA6-1389-037BE0695223}
	EndGlobalSection
	GlobalSection(ExtensibilityGlobals) = postSolution
		SolutionGuid = {86E7483D-3292-4094-8458-4CBA917688B4}
	EndGlobalSection
EndGlobal
